# This file is automatically @generated by Cargo.
# It is not intended for manual editing.
version = 4

[[package]]
name = "test-flow-b"
version = "0.1.0"
dependencies = [
 "test-types",
]

[[package]]
name = "test-types"
version = "0.1.0"
source = "git+https://github.com/greenticai/greentic-test-types?tag=v0.1.2#768cd033796655fc55da657bea8f92e93bd32736"
